
Microsoft Visual Studio Solution File, Format Version 12.00
# Visual Studio Version 17
VisualStudioVersion = 17.3.32922.545
MinimumVisualStudioVersion = 10.0.40219.1
Project("{2150E333-8FDC-42A3-9474-1A3956D46DE8}") = "Services", "Services", "{DCD9F3E8-52AD-4E43-A19E-7BDCCF4ECD28}"
EndProject
Project("{2150E333-8FDC-42A3-9474-1A3956D46DE8}") = "Catalog", "Catalog", "{D23254B8-38B2-450D-AD16-5BEC723F2D6C}"
EndProject
Project("{9A19103F-16F7-4668-BE54-9A1E7A4F7556}") = "Catalog.API", "Services\Catalog\Catalog.API\Catalog.API.csproj", "{41F97DD0-654F-4BEA-8FDF-57D34B220547}"
EndProject
Project("{E53339B2-1760-4266-BCC7-CA923CBCF16C}") = "docker-compose", "docker-compose.dcproj", "{C1C9E22E-12C1-46D7-AB53-79DA849E626F}"
EndProject
Project("{2150E333-8FDC-42A3-9474-1A3956D46DE8}") = "Basket", "Basket", "{9C9A1D1C-36C8-4D4F-AC90-50C440AEF2AA}"
EndProject
Project("{FAE04EC0-301F-11D3-BF4B-00C04F79EFBC}") = "Basket.API", "Services\Basket\Basket.API\Basket.API.csproj", "{307C7C12-4E72-4194-BCB9-0231DCDC0E3F}"
EndProject
Global
	GlobalSection(SolutionConfigurationPlatforms) = preSolution
		Debug|Any CPU = Debug|Any CPU
		Release|Any CPU = Release|Any CPU
	EndGlobalSection
	GlobalSection(ProjectConfigurationPlatforms) = postSolution
		{41F97DD0-654F-4BEA-8FDF-57D34B220547}.Debug|Any CPU.ActiveCfg = Debug|Any CPU
		{41F97DD0-654F-4BEA-8FDF-57D34B220547}.Debug|Any CPU.Build.0 = Debug|Any CPU
		{41F97DD0-654F-4BEA-8FDF-57D34B220547}.Release|Any CPU.ActiveCfg = Release|Any CPU
		{41F97DD0-654F-4BEA-8FDF-57D34B220547}.Release|Any CPU.Build.0 = Release|Any CPU
		{C1C9E22E-12C1-46D7-AB53-79DA849E626F}.Debug|Any CPU.ActiveCfg = Debug|Any CPU
		{C1C9E22E-12C1-46D7-AB53-79DA849E626F}.Debug|Any CPU.Build.0 = Debug|Any CPU
		{C1C9E22E-12C1-46D7-AB53-79DA849E626F}.Release|Any CPU.ActiveCfg = Release|Any CPU
		{C1C9E22E-12C1-46D7-AB53-79DA849E626F}.Release|Any CPU.Build.0 = Release|Any CPU
		{307C7C12-4E72-4194-BCB9-0231DCDC0E3F}.Debug|Any CPU.ActiveCfg = Debug|Any CPU
		{307C7C12-4E72-4194-BCB9-0231DCDC0E3F}.Debug|Any CPU.Build.0 = Debug|Any CPU
		{307C7C12-4E72-4194-BCB9-0231DCDC0E3F}.Release|Any CPU.ActiveCfg = Release|Any CPU
		{307C7C12-4E72-4194-BCB9-0231DCDC0E3F}.Release|Any CPU.Build.0 = Release|Any CPU
	EndGlobalSection
	GlobalSection(SolutionProperties) = preSolution
		HideSolutionNode = FALSE
	EndGlobalSection
	GlobalSection(NestedProjects) = preSolution
		{D23254B8-38B2-450D-AD16-5BEC723F2D6C} = {DCD9F3E8-52AD-4E43-A19E-7BDCCF4ECD28}
		{41F97DD0-654F-4BEA-8FDF-57D34B220547} = {D23254B8-38B2-450D-AD16-5BEC723F2D6C}
		{9C9A1D1C-36C8-4D4F-AC90-50C440AEF2AA} = {DCD9F3E8-52AD-4E43-A19E-7BDCCF4ECD28}
		{307C7C12-4E72-4194-BCB9-0231DCDC0E3F} = {9C9A1D1C-36C8-4D4F-AC90-50C440AEF2AA}
	EndGlobalSection
	GlobalSection(ExtensibilityGlobals) = postSolution
		SolutionGuid = {1BE8DD02-8C46-473E-B5C7-D359E3A79BCB}
	EndGlobalSection
EndGlobal
